
Microsoft Visual Studio Solution File, Format Version 12.00
# Visual Studio Version 17
VisualStudioVersion = 17.2.32616.157
MinimumVisualStudioVersion = 10.0.40219.1
Project("{FAE04EC0-301F-11D3-BF4B-00C04F79EFBC}") = "awsadfs", "awsadfs\awsadfs.csproj", "{DF43920F-9102-4937-BDA4-CD15061362BC}"
EndProject
Global
	GlobalSection(SolutionConfigurationPlatforms) = preSolution
		Debug|Any CPU = Debug|Any CPU
		Release|Any CPU = Release|Any CPU
	EndGlobalSection
	GlobalSection(ProjectConfigurationPlatforms) = postSolution
		{DF43920F-9102-4937-BDA4-CD15061362BC}.Debug|Any CPU.ActiveCfg = Debug|Any CPU
		{DF43920F-9102-4937-BDA4-CD15061362BC}.Debug|Any CPU.Build.0 = Debug|Any CPU
		{DF43920F-9102-4937-BDA4-CD15061362BC}.Release|Any CPU.ActiveCfg = Release|Any CPU
		{DF43920F-9102-4937-BDA4-CD15061362BC}.Release|Any CPU.Build.0 = Release|Any CPU
	EndGlobalSection
	GlobalSection(SolutionProperties) = preSolution
		HideSolutionNode = FALSE
	EndGlobalSection
	GlobalSection(ExtensibilityGlobals) = postSolution
		SolutionGuid = {18701AE7-0250-4DB9-ACF2-8D7AF9566F88}
	EndGlobalSection
EndGlobal
